// !$*UTF8*$!
{
	archiveVersion = 1;
	classes = {
	};
	objectVersion = 60;
	objects = {

/* Begin PBXBuildFile section */
		741B2CC62EF5EBDA00E6599F /* Assets.xcassets in Resources */ = {isa = PBXBuildFile; fileRef = 741B2CBC2EF5EBDA00E6599F /* Assets.xcassets */; };
		741B2CC82EF5EBDA00E6599F /* LaunchScreen.storyboard in Resources */ = {isa = PBXBuildFile; fileRef = 741B2CC02EF5EBDA00E6599F /* LaunchScreen.storyboard */; };
		741B2CC92EF5EBDA00E6599F /* Main.storyboard in Resources */ = {isa = PBXBuildFile; fileRef = 741B2CC22EF5EBDA00E6599F /* Main.storyboard */; };
		741B2CCA2EF5EBDA00E6599F /* AchievementManager.swift in Sources */ = {isa = PBXBuildFile; fileRef = 741B2CA92EF5EBDA00E6599F /* AchievementManager.swift */; };
		741B2CCB2EF5EBDA00E6599F /* AchivmentScoreView.swift in Sources */ = {isa = PBXBuildFile; fileRef = 741B2CAA2EF5EBDA00E6599F /* AchivmentScoreView.swift */; };
		741B2CCC2EF5EBDA00E6599F /* BackForMainButton.swift in Sources */ = {isa = PBXBuildFile; fileRef = 741B2CAB2EF5EBDA00E6599F /* BackForMainButton.swift */; };
		741B2CCD2EF5EBDA00E6599F /* BackMainView.swift in Sources */ = {isa = PBXBuildFile; fileRef = 741B2CAC2EF5EBDA00E6599F /* BackMainView.swift */; };
		741B2CCE2EF5EBDA00E6599F /* AchivmentsView.swift in Sources */ = {isa = PBXBuildFile; fileRef = 741B2CAE2EF5EBDA00E6599F /* AchivmentsView.swift */; };
		741B2CCF2EF5EBDA00E6599F /* DoubleEchoView.swift in Sources */ = {isa = PBXBuildFile; fileRef = 741B2CB02EF5EBDA00E6599F /* DoubleEchoView.swift */; };
		741B2CD02EF5EBDA00E6599F /* EchoDropView.swift in Sources */ = {isa = PBXBuildFile; fileRef = 741B2CB22EF5EBDA00E6599F /* EchoDropView.swift */; };
		741B2CD12EF5EBDA00E6599F /* MainMenuView.swift in Sources */ = {isa = PBXBuildFile; fileRef = 741B2CB42EF5EBDA00E6599F /* MainMenuView.swift */; };
		741B2CD22EF5EBDA00E6599F /* Settingsview.swift in Sources */ = {isa = PBXBuildFile; fileRef = 741B2CB62EF5EBDA00E6599F /* Settingsview.swift */; };
		741B2CD32EF5EBDA00E6599F /* VolcadoQuizView.swift in Sources */ = {isa = PBXBuildFile; fileRef = 741B2CB82EF5EBDA00E6599F /* VolcadoQuizView.swift */; };
		741B2CD42EF5EBDA00E6599F /* AppDelegate.swift in Sources */ = {isa = PBXBuildFile; fileRef = 741B2CBB2EF5EBDA00E6599F /* AppDelegate.swift */; };
		741B2CD52EF5EBDA00E6599F /* ContentView.swift in Sources */ = {isa = PBXBuildFile; fileRef = 741B2CBD2EF5EBDA00E6599F /* ContentView.swift */; };
		741B2CD62EF5EBDA00E6599F /* SceneDelegate.swift in Sources */ = {isa = PBXBuildFile; fileRef = 741B2CC32EF5EBDA00E6599F /* SceneDelegate.swift */; };
		741B2CD72EF5EBDA00E6599F /* ViewController.swift in Sources */ = {isa = PBXBuildFile; fileRef = 741B2CC42EF5EBDA00E6599F /* ViewController.swift */; };
		74915C862F03224D00E85B00 /* InternetViewController.swift in Sources */ = {isa = PBXBuildFile; fileRef = 74915C822F03224D00E85B00 /* InternetViewController.swift */; };
		74915C872F03224D00E85B00 /* FireBaseManager.swift in Sources */ = {isa = PBXBuildFile; fileRef = 74915C812F03224D00E85B00 /* FireBaseManager.swift */; };
		74915C882F03224D00E85B00 /* Extensions.swift in Sources */ = {isa = PBXBuildFile; fileRef = 74915C802F03224D00E85B00 /* Extensions.swift */; };
		74915C892F03224D00E85B00 /* CheckLink.swift in Sources */ = {isa = PBXBuildFile; fileRef = 74915C7F2F03224D00E85B00 /* CheckLink.swift */; };
		74915C8B2F03224D00E85B00 /* LoaderViewController.swift in Sources */ = {isa = PBXBuildFile; fileRef = 74915C832F03224D00E85B00 /* LoaderViewController.swift */; };
		74915C8E2F0324A000E85B00 /* FirebaseDatabase in Frameworks */ = {isa = PBXBuildFile; productRef = 74915C8D2F0324A000E85B00 /* FirebaseDatabase */; };
		74915C912F03250500E85B00 /* AppsFlyerLib in Frameworks */ = {isa = PBXBuildFile; productRef = 74915C902F03250500E85B00 /* AppsFlyerLib */; };
		74915C932F03261D00E85B00 /* GoogleService-Info.plist in Resources */ = {isa = PBXBuildFile; fileRef = 74915C922F03261D00E85B00 /* GoogleService-Info.plist */; };
/* End PBXBuildFile section */

/* Begin PBXFileReference section */
		23E4A2B29AEDD6E9C8F9763F /* Pods-VolcadoEcho.release.xcconfig */ = {isa = PBXFileReference; includeInIndex = 1; lastKnownFileType = text.xcconfig; name = "Pods-VolcadoEcho.release.xcconfig"; path = "Target Support Files/Pods-VolcadoEcho/Pods-VolcadoEcho.release.xcconfig"; sourceTree = "<group>"; };
		741B2CA92EF5EBDA00E6599F /* AchievementManager.swift */ = {isa = PBXFileReference; lastKnownFileType = sourcecode.swift; path = AchievementManager.swift; sourceTree = "<group>"; };
		741B2CAA2EF5EBDA00E6599F /* AchivmentScoreView.swift */ = {isa = PBXFileReference; lastKnownFileType = sourcecode.swift; path = AchivmentScoreView.swift; sourceTree = "<group>"; };
		741B2CAB2EF5EBDA00E6599F /* BackForMainButton.swift */ = {isa = PBXFileReference; lastKnownFileType = sourcecode.swift; path = BackForMainButton.swift; sourceTree = "<group>"; };
		741B2CAC2EF5EBDA00E6599F /* BackMainView.swift */ = {isa = PBXFileReference; lastKnownFileType = sourcecode.swift; path = BackMainView.swift; sourceTree = "<group>"; };
		741B2CAE2EF5EBDA00E6599F /* AchivmentsView.swift */ = {isa = PBXFileReference; lastKnownFileType = sourcecode.swift; path = AchivmentsView.swift; sourceTree = "<group>"; };
		741B2CB02EF5EBDA00E6599F /* DoubleEchoView.swift */ = {isa = PBXFileReference; lastKnownFileType = sourcecode.swift; path = DoubleEchoView.swift; sourceTree = "<group>"; };
		741B2CB22EF5EBDA00E6599F /* EchoDropView.swift */ = {isa = PBXFileReference; lastKnownFileType = sourcecode.swift; path = EchoDropView.swift; sourceTree = "<group>"; };
		741B2CB42EF5EBDA00E6599F /* MainMenuView.swift */ = {isa = PBXFileReference; lastKnownFileType = sourcecode.swift; path = MainMenuView.swift; sourceTree = "<group>"; };
		741B2CB62EF5EBDA00E6599F /* Settingsview.swift */ = {isa = PBXFileReference; lastKnownFileType = sourcecode.swift; path = Settingsview.swift; sourceTree = "<group>"; };
		741B2CB82EF5EBDA00E6599F /* VolcadoQuizView.swift */ = {isa = PBXFileReference; lastKnownFileType = sourcecode.swift; path = VolcadoQuizView.swift; sourceTree = "<group>"; };
		741B2CBB2EF5EBDA00E6599F /* AppDelegate.swift */ = {isa = PBXFileReference; lastKnownFileType = sourcecode.swift; path = AppDelegate.swift; sourceTree = "<group>"; };
		741B2CBC2EF5EBDA00E6599F /* Assets.xcassets */ = {isa = PBXFileReference; lastKnownFileType = folder.assetcatalog; path = Assets.xcassets; sourceTree = "<group>"; };
		741B2CBD2EF5EBDA00E6599F /* ContentView.swift */ = {isa = PBXFileReference; lastKnownFileType = sourcecode.swift; path = ContentView.swift; sourceTree = "<group>"; };
		741B2CBE2EF5EBDA00E6599F /* Info.plist */ = {isa = PBXFileReference; lastKnownFileType = text.plist.xml; path = Info.plist; sourceTree = "<group>"; };
		741B2CBF2EF5EBDA00E6599F /* Base */ = {isa = PBXFileReference; lastKnownFileType = file.storyboard; name = Base; path = Base.lproj/LaunchScreen.storyboard; sourceTree = "<group>"; };
		741B2CC12EF5EBDA00E6599F /* Base */ = {isa = PBXFileReference; lastKnownFileType = file.storyboard; name = Base; path = Base.lproj/Main.storyboard; sourceTree = "<group>"; };
		741B2CC32EF5EBDA00E6599F /* SceneDelegate.swift */ = {isa = PBXFileReference; lastKnownFileType = sourcecode.swift; path = SceneDelegate.swift; sourceTree = "<group>"; };
		741B2CC42EF5EBDA00E6599F /* ViewController.swift */ = {isa = PBXFileReference; lastKnownFileType = sourcecode.swift; path = ViewController.swift; sourceTree = "<group>"; };
		74915C7F2F03224D00E85B00 /* CheckLink.swift */ = {isa = PBXFileReference; lastKnownFileType = sourcecode.swift; path = CheckLink.swift; sourceTree = "<group>"; };
		74915C802F03224D00E85B00 /* Extensions.swift */ = {isa = PBXFileReference; lastKnownFileType = sourcecode.swift; path = Extensions.swift; sourceTree = "<group>"; };
		74915C812F03224D00E85B00 /* FireBaseManager.swift */ = {isa = PBXFileReference; lastKnownFileType = sourcecode.swift; path = FireBaseManager.swift; sourceTree = "<group>"; };
		74915C822F03224D00E85B00 /* InternetViewController.swift */ = {isa = PBXFileReference; lastKnownFileType = sourcecode.swift; path = InternetViewController.swift; sourceTree = "<group>"; };
		74915C832F03224D00E85B00 /* LoaderViewController.swift */ = {isa = PBXFileReference; lastKnownFileType = sourcecode.swift; path = LoaderViewController.swift; sourceTree = "<group>"; };
		74915C922F03261D00E85B00 /* GoogleService-Info.plist */ = {isa = PBXFileReference; lastKnownFileType = text.plist.xml; path = "GoogleService-Info.plist"; sourceTree = "<group>"; };
		74EE732C2EE703AE00711127 /* VolcadoEcho.app */ = {isa = PBXFileReference; explicitFileType = wrapper.application; includeInIndex = 0; path = VolcadoEcho.app; sourceTree = BUILT_PRODUCTS_DIR; };
		9954AD4118AF6AE01989EEA2 /* Pods-VolcadoEcho.debug.xcconfig */ = {isa = PBXFileReference; includeInIndex = 1; lastKnownFileType = text.xcconfig; name = "Pods-VolcadoEcho.debug.xcconfig"; path = "Target Support Files/Pods-VolcadoEcho/Pods-VolcadoEcho.debug.xcconfig"; sourceTree = "<group>"; };
		AC124BF792C00AAEA7D304F2 /* Pods_VolcadoEcho.framework */ = {isa = PBXFileReference; explicitFileType = wrapper.framework; includeInIndex = 0; path = Pods_VolcadoEcho.framework; sourceTree = BUILT_PRODUCTS_DIR; };
/* End PBXFileReference section */

/* Begin PBXFrameworksBuildPhase section */
		74EE73292EE703AE00711127 /* Frameworks */ = {
			isa = PBXFrameworksBuildPhase;
			buildActionMask = 2147483647;
			files = (
				74915C8E2F0324A000E85B00 /* FirebaseDatabase in Frameworks */,
				74915C912F03250500E85B00 /* AppsFlyerLib in Frameworks */,
			);
			runOnlyForDeploymentPostprocessing = 0;
		};
/* End PBXFrameworksBuildPhase section */

/* Begin PBXGroup section */
		05C5EC2F901F7F736D113B23 /* Frameworks */ = {
			isa = PBXGroup;
			children = (
				AC124BF792C00AAEA7D304F2 /* Pods_VolcadoEcho.framework */,
			);
			name = Frameworks;
			sourceTree = "<group>";
		};
		374ACC23CBC4A7370BACE5E2 /* Pods */ = {
			isa = PBXGroup;
			children = (
				9954AD4118AF6AE01989EEA2 /* Pods-VolcadoEcho.debug.xcconfig */,
				23E4A2B29AEDD6E9C8F9763F /* Pods-VolcadoEcho.release.xcconfig */,
			);
			path = Pods;
			sourceTree = "<group>";
		};
		741B2CAD2EF5EBDA00E6599F /* Helpers */ = {
			isa = PBXGroup;
			children = (
				741B2CA92EF5EBDA00E6599F /* AchievementManager.swift */,
				741B2CAA2EF5EBDA00E6599F /* AchivmentScoreView.swift */,
				741B2CAB2EF5EBDA00E6599F /* BackForMainButton.swift */,
				741B2CAC2EF5EBDA00E6599F /* BackMainView.swift */,
			);
			path = Helpers;
			sourceTree = "<group>";
		};
		741B2CAF2EF5EBDA00E6599F /* Achivment */ = {
			isa = PBXGroup;
			children = (
				741B2CAE2EF5EBDA00E6599F /* AchivmentsView.swift */,
			);
			path = Achivment;
			sourceTree = "<group>";
		};
		741B2CB12EF5EBDA00E6599F /* DoubleEcho */ = {
			isa = PBXGroup;
			children = (
				741B2CB02EF5EBDA00E6599F /* DoubleEchoView.swift */,
			);
			path = DoubleEcho;
			sourceTree = "<group>";
		};
		741B2CB32EF5EBDA00E6599F /* EchoDrop */ = {
			isa = PBXGroup;
			children = (
				741B2CB22EF5EBDA00E6599F /* EchoDropView.swift */,
			);
			path = EchoDrop;
			sourceTree = "<group>";
		};
		741B2CB52EF5EBDA00E6599F /* MainMenu */ = {
			isa = PBXGroup;
			children = (
				741B2CB42EF5EBDA00E6599F /* MainMenuView.swift */,
			);
			path = MainMenu;
			sourceTree = "<group>";
		};
		741B2CB72EF5EBDA00E6599F /* Settings */ = {
			isa = PBXGroup;
			children = (
				741B2CB62EF5EBDA00E6599F /* Settingsview.swift */,
			);
			path = Settings;
			sourceTree = "<group>";
		};
		741B2CB92EF5EBDA00E6599F /* Volcado Quiz */ = {
			isa = PBXGroup;
			children = (
				741B2CB82EF5EBDA00E6599F /* VolcadoQuizView.swift */,
			);
			path = "Volcado Quiz";
			sourceTree = "<group>";
		};
		741B2CBA2EF5EBDA00E6599F /* Screens */ = {
			isa = PBXGroup;
			children = (
				741B2CAF2EF5EBDA00E6599F /* Achivment */,
				741B2CB12EF5EBDA00E6599F /* DoubleEcho */,
				741B2CB32EF5EBDA00E6599F /* EchoDrop */,
				741B2CB52EF5EBDA00E6599F /* MainMenu */,
				741B2CB72EF5EBDA00E6599F /* Settings */,
				741B2CB92EF5EBDA00E6599F /* Volcado Quiz */,
				74915C852F03224D00E85B00 /* LoadingView */,
			);
			path = Screens;
			sourceTree = "<group>";
		};
		741B2CC52EF5EBDA00E6599F /* VolcadoEcho */ = {
			isa = PBXGroup;
			children = (
				741B2CAD2EF5EBDA00E6599F /* Helpers */,
				741B2CBA2EF5EBDA00E6599F /* Screens */,
				741B2CBB2EF5EBDA00E6599F /* AppDelegate.swift */,
				741B2CBC2EF5EBDA00E6599F /* Assets.xcassets */,
				741B2CBD2EF5EBDA00E6599F /* ContentView.swift */,
				741B2CBE2EF5EBDA00E6599F /* Info.plist */,
				741B2CC02EF5EBDA00E6599F /* LaunchScreen.storyboard */,
				741B2CC22EF5EBDA00E6599F /* Main.storyboard */,
				741B2CC32EF5EBDA00E6599F /* SceneDelegate.swift */,
				741B2CC42EF5EBDA00E6599F /* ViewController.swift */,
				74915C922F03261D00E85B00 /* GoogleService-Info.plist */,
			);
			path = VolcadoEcho;
			sourceTree = "<group>";
		};
		74915C852F03224D00E85B00 /* LoadingView */ = {
			isa = PBXGroup;
			children = (
				74915C7F2F03224D00E85B00 /* CheckLink.swift */,
				74915C802F03224D00E85B00 /* Extensions.swift */,
				74915C812F03224D00E85B00 /* FireBaseManager.swift */,
				74915C822F03224D00E85B00 /* InternetViewController.swift */,
				74915C832F03224D00E85B00 /* LoaderViewController.swift */,
			);
			path = LoadingView;
			sourceTree = "<group>";
		};
		74EE73232EE703AE00711127 = {
			isa = PBXGroup;
			children = (
				741B2CC52EF5EBDA00E6599F /* VolcadoEcho */,
				74EE732D2EE703AE00711127 /* Products */,
				374ACC23CBC4A7370BACE5E2 /* Pods */,
				05C5EC2F901F7F736D113B23 /* Frameworks */,
			);
			sourceTree = "<group>";
		};
		74EE732D2EE703AE00711127 /* Products */ = {
			isa = PBXGroup;
			children = (
				74EE732C2EE703AE00711127 /* VolcadoEcho.app */,
			);
			name = Products;
			sourceTree = "<group>";
		};
/* End PBXGroup section */

/* Begin PBXNativeTarget section */
		74EE732B2EE703AE00711127 /* VolcadoEcho */ = {
			isa = PBXNativeTarget;
			buildConfigurationList = 74EE733F2EE703AF00711127 /* Build configuration list for PBXNativeTarget "VolcadoEcho" */;
			buildPhases = (
				AE871A7519434ACBABBA89C0 /* [CP] Check Pods Manifest.lock */,
				74EE73282EE703AE00711127 /* Sources */,
				74EE73292EE703AE00711127 /* Frameworks */,
				74EE732A2EE703AE00711127 /* Resources */,
			);
			buildRules = (
			);
			dependencies = (
			);
			name = VolcadoEcho;
			productName = VolcadoEcho;
			productReference = 74EE732C2EE703AE00711127 /* VolcadoEcho.app */;
			productType = "com.apple.product-type.application";
		};
/* End PBXNativeTarget section */

/* Begin PBXProject section */
		74EE73242EE703AE00711127 /* Project object */ = {
			isa = PBXProject;
			attributes = {
				BuildIndependentTargetsInParallel = 1;
				LastSwiftUpdateCheck = 2600;
				LastUpgradeCheck = 2600;
				TargetAttributes = {
					74EE732B2EE703AE00711127 = {
						CreatedOnToolsVersion = 26.0;
					};
				};
			};
			buildConfigurationList = 74EE73272EE703AE00711127 /* Build configuration list for PBXProject "VolcadoEcho" */;
			compatibilityVersion = "Xcode 15.0";
			developmentRegion = en;
			hasScannedForEncodings = 0;
			knownRegions = (
				en,
				Base,
			);
			mainGroup = 74EE73232EE703AE00711127;
			packageReferences = (
				74915C8C2F0324A000E85B00 /* XCRemoteSwiftPackageReference "firebase-ios-sdk" */,
				74915C8F2F03250500E85B00 /* XCRemoteSwiftPackageReference "AppsFlyerFramework" */,
			);
			productRefGroup = 74EE732D2EE703AE00711127 /* Products */;
			projectDirPath = "";
			projectRoot = "";
			targets = (
				74EE732B2EE703AE00711127 /* VolcadoEcho */,
			);
		};
/* End PBXProject section */

/* Begin PBXResourcesBuildPhase section */
		74EE732A2EE703AE00711127 /* Resources */ = {
			isa = PBXResourcesBuildPhase;
			buildActionMask = 2147483647;
			files = (
				741B2CC62EF5EBDA00E6599F /* Assets.xcassets in Resources */,
				74915C932F03261D00E85B00 /* GoogleService-Info.plist in Resources */,
				741B2CC82EF5EBDA00E6599F /* LaunchScreen.storyboard in Resources */,
				741B2CC92EF5EBDA00E6599F /* Main.storyboard in Resources */,
			);
			runOnlyForDeploymentPostprocessing = 0;
		};
/* End PBXResourcesBuildPhase section */

/* Begin PBXShellScriptBuildPhase section */
		AE871A7519434ACBABBA89C0 /* [CP] Check Pods Manifest.lock */ = {
			isa = PBXShellScriptBuildPhase;
			buildActionMask = 2147483647;
			files = (
			);
			inputFileListPaths = (
			);
			inputPaths = (
				"${PODS_PODFILE_DIR_PATH}/Podfile.lock",
				"${PODS_ROOT}/Manifest.lock",
			);
			name = "[CP] Check Pods Manifest.lock";
			outputFileListPaths = (
			);
			outputPaths = (
				"$(DERIVED_FILE_DIR)/Pods-VolcadoEcho-checkManifestLockResult.txt",
			);
			runOnlyForDeploymentPostprocessing = 0;
			shellPath = /bin/sh;
			shellScript = "diff \"${PODS_PODFILE_DIR_PATH}/Podfile.lock\" \"${PODS_ROOT}/Manifest.lock\" > /dev/null\nif [ $? != 0 ] ; then\n    # print error to STDERR\n    echo \"error: The sandbox is not in sync with the Podfile.lock. Run 'pod install' or update your CocoaPods installation.\" >&2\n    exit 1\nfi\n# This output is used by Xcode 'outputs' to avoid re-running this script phase.\necho \"SUCCESS\" > \"${SCRIPT_OUTPUT_FILE_0}\"\n";
			showEnvVarsInLog = 0;
		};
/* End PBXShellScriptBuildPhase section */

/* Begin PBXSourcesBuildPhase section */
		74EE73282EE703AE00711127 /* Sources */ = {
			isa = PBXSourcesBuildPhase;
			buildActionMask = 2147483647;
			files = (
				741B2CCA2EF5EBDA00E6599F /* AchievementManager.swift in Sources */,
				74915C862F03224D00E85B00 /* InternetViewController.swift in Sources */,
				74915C872F03224D00E85B00 /* FireBaseManager.swift in Sources */,
				74915C882F03224D00E85B00 /* Extensions.swift in Sources */,
				74915C892F03224D00E85B00 /* CheckLink.swift in Sources */,
				74915C8B2F03224D00E85B00 /* LoaderViewController.swift in Sources */,
				741B2CCB2EF5EBDA00E6599F /* AchivmentScoreView.swift in Sources */,
				741B2CCC2EF5EBDA00E6599F /* BackForMainButton.swift in Sources */,
				741B2CCD2EF5EBDA00E6599F /* BackMainView.swift in Sources */,
				741B2CCE2EF5EBDA00E6599F /* AchivmentsView.swift in Sources */,
				741B2CCF2EF5EBDA00E6599F /* DoubleEchoView.swift in Sources */,
				741B2CD02EF5EBDA00E6599F /* EchoDropView.swift in Sources */,
				741B2CD12EF5EBDA00E6599F /* MainMenuView.swift in Sources */,
				741B2CD22EF5EBDA00E6599F /* Settingsview.swift in Sources */,
				741B2CD32EF5EBDA00E6599F /* VolcadoQuizView.swift in Sources */,
				741B2CD42EF5EBDA00E6599F /* AppDelegate.swift in Sources */,
				741B2CD52EF5EBDA00E6599F /* ContentView.swift in Sources */,
				741B2CD62EF5EBDA00E6599F /* SceneDelegate.swift in Sources */,
				741B2CD72EF5EBDA00E6599F /* ViewController.swift in Sources */,
			);
			runOnlyForDeploymentPostprocessing = 0;
		};
/* End PBXSourcesBuildPhase section */

/* Begin PBXVariantGroup section */
		741B2CC02EF5EBDA00E6599F /* LaunchScreen.storyboard */ = {
			isa = PBXVariantGroup;
			children = (
				741B2CBF2EF5EBDA00E6599F /* Base */,
			);
			name = LaunchScreen.storyboard;
			sourceTree = "<group>";
		};
		741B2CC22EF5EBDA00E6599F /* Main.storyboard */ = {
			isa = PBXVariantGroup;
			children = (
				741B2CC12EF5EBDA00E6599F /* Base */,
			);
			name = Main.storyboard;
			sourceTree = "<group>";
		};
/* End PBXVariantGroup section */

/* Begin XCBuildConfiguration section */
		74EE73402EE703AF00711127 /* Debug */ = {
			isa = XCBuildConfiguration;
			baseConfigurationReference = 9954AD4118AF6AE01989EEA2 /* Pods-VolcadoEcho.debug.xcconfig */;
			buildSettings = {
				ASSETCATALOG_COMPILER_APPICON_NAME = AppIcon;
				ASSETCATALOG_COMPILER_GLOBAL_ACCENT_COLOR_NAME = AccentColor;
				CODE_SIGN_STYLE = Automatic;
				CURRENT_PROJECT_VERSION = 1;
				GENERATE_INFOPLIST_FILE = YES;
				INFOPLIST_FILE = VolcadoEcho/Info.plist;
				INFOPLIST_KEY_CFBundleDisplayName = VolcadoEcho;
				INFOPLIST_KEY_UIApplicationSupportsIndirectInputEvents = YES;
				INFOPLIST_KEY_UILaunchStoryboardName = LaunchScreen;
				INFOPLIST_KEY_UIMainStoryboardFile = Main;
				INFOPLIST_KEY_UISupportedInterfaceOrientations = UIInterfaceOrientationPortrait;
				INFOPLIST_KEY_UISupportedInterfaceOrientations_iPad = "UIInterfaceOrientationLandscapeLeft UIInterfaceOrientationLandscapeRight UIInterfaceOrientationPortrait UIInterfaceOrientationPortraitUpsideDown";
				IPHONEOS_DEPLOYMENT_TARGET = 16.6;
				LD_RUNPATH_SEARCH_PATHS = (
					"$(inherited)",
					"@executable_path/Frameworks",
				);
				MARKETING_VERSION = 1.1.1;
				PRODUCT_BUNDLE_IDENTIFIER = com.volcado234324.2345;
				PRODUCT_NAME = "$(TARGET_NAME)";
				STRING_CATALOG_GENERATE_SYMBOLS = YES;
				SUPPORTED_PLATFORMS = "iphoneos iphonesimulator";
				SUPPORTS_MACCATALYST = NO;
				SUPPORTS_MAC_DESIGNED_FOR_IPHONE_IPAD = NO;
				SUPPORTS_XR_DESIGNED_FOR_IPHONE_IPAD = NO;
				SWIFT_APPROACHABLE_CONCURRENCY = YES;
				SWIFT_DEFAULT_ACTOR_ISOLATION = MainActor;
				SWIFT_EMIT_LOC_STRINGS = YES;
				SWIFT_UPCOMING_FEATURE_MEMBER_IMPORT_VISIBILITY = YES;
				SWIFT_VERSION = 5.0;
				TARGETED_DEVICE_FAMILY = 1;
			};
			name = Debug;
		};
		74EE73412EE703AF00711127 /* Release */ = {
			isa = XCBuildConfiguration;
			baseConfigurationReference = 23E4A2B29AEDD6E9C8F9763F /* Pods-VolcadoEcho.release.xcconfig */;
			buildSettings = {
				ASSETCATALOG_COMPILER_APPICON_NAME = AppIcon;
				ASSETCATALOG_COMPILER_GLOBAL_ACCENT_COLOR_NAME = AccentColor;
				CODE_SIGN_STYLE = Automatic;
				CURRENT_PROJECT_VERSION = 1;
				GENERATE_INFOPLIST_FILE = YES;
				INFOPLIST_FILE = VolcadoEcho/Info.plist;
				INFOPLIST_KEY_CFBundleDisplayName = VolcadoEcho;
				INFOPLIST_KEY_UIApplicationSupportsIndirectInputEvents = YES;
				INFOPLIST_KEY_UILaunchStoryboardName = LaunchScreen;
				INFOPLIST_KEY_UIMainStoryboardFile = Main;
				INFOPLIST_KEY_UISupportedInterfaceOrientations = UIInterfaceOrientationPortrait;
				INFOPLIST_KEY_UISupportedInterfaceOrientations_iPad = "UIInterfaceOrientationLandscapeLeft UIInterfaceOrientationLandscapeRight UIInterfaceOrientationPortrait UIInterfaceOrientationPortraitUpsideDown";
				IPHONEOS_DEPLOYMENT_TARGET = 16.6;
				LD_RUNPATH_SEARCH_PATHS = (
					"$(inherited)",
					"@executable_path/Frameworks",
				);
				MARKETING_VERSION = 1.1.1;
				PRODUCT_BUNDLE_IDENTIFIER = com.volcado234324.2345;
				PRODUCT_NAME = "$(TARGET_NAME)";
				STRING_CATALOG_GENERATE_SYMBOLS = YES;
				SUPPORTED_PLATFORMS = "iphoneos iphonesimulator";
				SUPPORTS_MACCATALYST = NO;
				SUPPORTS_MAC_DESIGNED_FOR_IPHONE_IPAD = NO;
				SUPPORTS_XR_DESIGNED_FOR_IPHONE_IPAD = NO;
				SWIFT_APPROACHABLE_CONCURRENCY = YES;
				SWIFT_DEFAULT_ACTOR_ISOLATION = MainActor;
				SWIFT_EMIT_LOC_STRINGS = YES;
				SWIFT_UPCOMING_FEATURE_MEMBER_IMPORT_VISIBILITY = YES;
				SWIFT_VERSION = 5.0;
				TARGETED_DEVICE_FAMILY = 1;
			};
			name = Release;
		};
		74EE73422EE703AF00711127 /* Debug */ = {
			isa = XCBuildConfiguration;
			buildSettings = {
				ALWAYS_SEARCH_USER_PATHS = NO;
				ASSETCATALOG_COMPILER_GENERATE_SWIFT_ASSET_SYMBOL_EXTENSIONS = YES;
				CLANG_ANALYZER_NONNULL = YES;
				CLANG_ANALYZER_NUMBER_OBJECT_CONVERSION = YES_AGGRESSIVE;
				CLANG_CXX_LANGUAGE_STANDARD = "gnu++20";
				CLANG_ENABLE_MODULES = YES;
				CLANG_ENABLE_OBJC_ARC = YES;
				CLANG_ENABLE_OBJC_WEAK = YES;
				CLANG_WARN_BLOCK_CAPTURE_AUTORELEASING = YES;
				CLANG_WARN_BOOL_CONVERSION = YES;
				CLANG_WARN_COMMA = YES;
				CLANG_WARN_CONSTANT_CONVERSION = YES;
				CLANG_WARN_DEPRECATED_OBJC_IMPLEMENTATIONS = YES;
				CLANG_WARN_DIRECT_OBJC_ISA_USAGE = YES_ERROR;
				CLANG_WARN_DOCUMENTATION_COMMENTS = YES;
				CLANG_WARN_EMPTY_BODY = YES;
				CLANG_WARN_ENUM_CONVERSION = YES;
				CLANG_WARN_INFINITE_RECURSION = YES;
				CLANG_WARN_INT_CONVERSION = YES;
				CLANG_WARN_NON_LITERAL_NULL_CONVERSION = YES;
				CLANG_WARN_OBJC_IMPLICIT_RETAIN_SELF = YES;
				CLANG_WARN_OBJC_LITERAL_CONVERSION = YES;
				CLANG_WARN_OBJC_ROOT_CLASS = YES_ERROR;
				CLANG_WARN_QUOTED_INCLUDE_IN_FRAMEWORK_HEADER = YES;
				CLANG_WARN_RANGE_LOOP_ANALYSIS = YES;
				CLANG_WARN_STRICT_PROTOTYPES = YES;
				CLANG_WARN_SUSPICIOUS_MOVE = YES;
				CLANG_WARN_UNGUARDED_AVAILABILITY = YES_AGGRESSIVE;
				CLANG_WARN_UNREACHABLE_CODE = YES;
				CLANG_WARN__DUPLICATE_METHOD_MATCH = YES;
				COPY_PHASE_STRIP = NO;
				DEBUG_INFORMATION_FORMAT = dwarf;
				ENABLE_STRICT_OBJC_MSGSEND = YES;
				ENABLE_TESTABILITY = YES;
				ENABLE_USER_SCRIPT_SANDBOXING = YES;
				GCC_C_LANGUAGE_STANDARD = gnu17;
				GCC_DYNAMIC_NO_PIC = NO;
				GCC_NO_COMMON_BLOCKS = YES;
				GCC_OPTIMIZATION_LEVEL = 0;
				GCC_PREPROCESSOR_DEFINITIONS = (
					"DEBUG=1",
					"$(inherited)",
				);
				GCC_WARN_64_TO_32_BIT_CONVERSION = YES;
				GCC_WARN_ABOUT_RETURN_TYPE = YES_ERROR;
				GCC_WARN_UNDECLARED_SELECTOR = YES;
				GCC_WARN_UNINITIALIZED_AUTOS = YES_AGGRESSIVE;
				GCC_WARN_UNUSED_FUNCTION = YES;
				GCC_WARN_UNUSED_VARIABLE = YES;
				IPHONEOS_DEPLOYMENT_TARGET = 26.0;
				LOCALIZATION_PREFERS_STRING_CATALOGS = YES;
				MTL_ENABLE_DEBUG_INFO = INCLUDE_SOURCE;
				MTL_FAST_MATH = YES;
				ONLY_ACTIVE_ARCH = YES;
				SDKROOT = iphoneos;
				SWIFT_ACTIVE_COMPILATION_CONDITIONS = "DEBUG $(inherited)";
				SWIFT_OPTIMIZATION_LEVEL = "-Onone";
			};
			name = Debug;
		};
		74EE73432EE703AF00711127 /* Release */ = {
			isa = XCBuildConfiguration;
			buildSettings = {
				ALWAYS_SEARCH_USER_PATHS = NO;
				ASSETCATALOG_COMPILER_GENERATE_SWIFT_ASSET_SYMBOL_EXTENSIONS = YES;
				CLANG_ANALYZER_NONNULL = YES;
				CLANG_ANALYZER_NUMBER_OBJECT_CONVERSION = YES_AGGRESSIVE;
				CLANG_CXX_LANGUAGE_STANDARD = "gnu++20";
				CLANG_ENABLE_MODULES = YES;
				CLANG_ENABLE_OBJC_ARC = YES;
				CLANG_ENABLE_OBJC_WEAK = YES;
				CLANG_WARN_BLOCK_CAPTURE_AUTORELEASING = YES;
				CLANG_WARN_BOOL_CONVERSION = YES;
				CLANG_WARN_COMMA = YES;
				CLANG_WARN_CONSTANT_CONVERSION = YES;
				CLANG_WARN_DEPRECATED_OBJC_IMPLEMENTATIONS = YES;
				CLANG_WARN_DIRECT_OBJC_ISA_USAGE = YES_ERROR;
				CLANG_WARN_DOCUMENTATION_COMMENTS = YES;
				CLANG_WARN_EMPTY_BODY = YES;
				CLANG_WARN_ENUM_CONVERSION = YES;
				CLANG_WARN_INFINITE_RECURSION = YES;
				CLANG_WARN_INT_CONVERSION = YES;
				CLANG_WARN_NON_LITERAL_NULL_CONVERSION = YES;
				CLANG_WARN_OBJC_IMPLICIT_RETAIN_SELF = YES;
				CLANG_WARN_OBJC_LITERAL_CONVERSION = YES;
				CLANG_WARN_OBJC_ROOT_CLASS = YES_ERROR;
				CLANG_WARN_QUOTED_INCLUDE_IN_FRAMEWORK_HEADER = YES;
				CLANG_WARN_RANGE_LOOP_ANALYSIS = YES;
				CLANG_WARN_STRICT_PROTOTYPES = YES;
				CLANG_WARN_SUSPICIOUS_MOVE = YES;
				CLANG_WARN_UNGUARDED_AVAILABILITY = YES_AGGRESSIVE;
				CLANG_WARN_UNREACHABLE_CODE = YES;
				CLANG_WARN__DUPLICATE_METHOD_MATCH = YES;
				COPY_PHASE_STRIP = NO;
				DEBUG_INFORMATION_FORMAT = "dwarf-with-dsym";
				ENABLE_NS_ASSERTIONS = NO;
				ENABLE_STRICT_OBJC_MSGSEND = YES;
				ENABLE_USER_SCRIPT_SANDBOXING = YES;
				GCC_C_LANGUAGE_STANDARD = gnu17;
				GCC_NO_COMMON_BLOCKS = YES;
				GCC_WARN_64_TO_32_BIT_CONVERSION = YES;
				GCC_WARN_ABOUT_RETURN_TYPE = YES_ERROR;
				GCC_WARN_UNDECLARED_SELECTOR = YES;
				GCC_WARN_UNINITIALIZED_AUTOS = YES_AGGRESSIVE;
				GCC_WARN_UNUSED_FUNCTION = YES;
				GCC_WARN_UNUSED_VARIABLE = YES;
				IPHONEOS_DEPLOYMENT_TARGET = 26.0;
				LOCALIZATION_PREFERS_STRING_CATALOGS = YES;
				MTL_ENABLE_DEBUG_INFO = NO;
				MTL_FAST_MATH = YES;
				SDKROOT = iphoneos;
				SWIFT_COMPILATION_MODE = wholemodule;
				VALIDATE_PRODUCT = YES;
			};
			name = Release;
		};
/* End XCBuildConfiguration section */

/* Begin XCConfigurationList section */
		74EE73272EE703AE00711127 /* Build configuration list for PBXProject "VolcadoEcho" */ = {
			isa = XCConfigurationList;
			buildConfigurations = (
				74EE73422EE703AF00711127 /* Debug */,
				74EE73432EE703AF00711127 /* Release */,
			);
			defaultConfigurationIsVisible = 0;
			defaultConfigurationName = Release;
		};
		74EE733F2EE703AF00711127 /* Build configuration list for PBXNativeTarget "VolcadoEcho" */ = {
			isa = XCConfigurationList;
			buildConfigurations = (
				74EE73402EE703AF00711127 /* Debug */,
				74EE73412EE703AF00711127 /* Release */,
			);
			defaultConfigurationIsVisible = 0;
			defaultConfigurationName = Release;
		};
/* End XCConfigurationList section */

/* Begin XCRemoteSwiftPackageReference section */
		74915C8C2F0324A000E85B00 /* XCRemoteSwiftPackageReference "firebase-ios-sdk" */ = {
			isa = XCRemoteSwiftPackageReference;
			repositoryURL = "https://github.com/firebase/firebase-ios-sdk";
			requirement = {
				kind = upToNextMajorVersion;
				minimumVersion = 12.7.0;
			};
		};
		74915C8F2F03250500E85B00 /* XCRemoteSwiftPackageReference "AppsFlyerFramework" */ = {
			isa = XCRemoteSwiftPackageReference;
			repositoryURL = "https://github.com/AppsFlyerSDK/AppsFlyerFramework";
			requirement = {
				kind = upToNextMajorVersion;
				minimumVersion = 6.17.8;
			};
		};
/* End XCRemoteSwiftPackageReference section */

/* Begin XCSwiftPackageProductDependency section */
		74915C8D2F0324A000E85B00 /* FirebaseDatabase */ = {
			isa = XCSwiftPackageProductDependency;
			package = 74915C8C2F0324A000E85B00 /* XCRemoteSwiftPackageReference "firebase-ios-sdk" */;
			productName = FirebaseDatabase;
		};
		74915C902F03250500E85B00 /* AppsFlyerLib */ = {
			isa = XCSwiftPackageProductDependency;
			package = 74915C8F2F03250500E85B00 /* XCRemoteSwiftPackageReference "AppsFlyerFramework" */;
			productName = AppsFlyerLib;
		};
/* End XCSwiftPackageProductDependency section */
	};
	rootObject = 74EE73242EE703AE00711127 /* Project object */;
}
